
Microsoft Visual Studio Solution File, Format Version 12.00
# Visual Studio Version 17
VisualStudioVersion = 17.4.33403.182
MinimumVisualStudioVersion = 10.0.40219.1
Project("{9A19103F-16F7-4668-BE54-9A1E7A4F7556}") = "Domain", "Domain\Domain.csproj", "{4D212EBF-C98C-4581-892F-3CF407F672F4}"
EndProject
Project("{9A19103F-16F7-4668-BE54-9A1E7A4F7556}") = "Persistence", "Persistance\Persistence.csproj", "{95E8CADF-501E-4955-9BA7-CB8C98D5B965}"
EndProject
Project("{9A19103F-16F7-4668-BE54-9A1E7A4F7556}") = "Application", "Application\Application.csproj", "{82F0310C-2E2F-41C7-9844-0C66F7B3487C}"
EndProject
Global
	GlobalSection(SolutionConfigurationPlatforms) = preSolution
		Debug|Any CPU = Debug|Any CPU
		Release|Any CPU = Release|Any CPU
	EndGlobalSection
	GlobalSection(ProjectConfigurationPlatforms) = postSolution
		{4D212EBF-C98C-4581-892F-3CF407F672F4}.Debug|Any CPU.ActiveCfg = Debug|Any CPU
		{4D212EBF-C98C-4581-892F-3CF407F672F4}.Debug|Any CPU.Build.0 = Debug|Any CPU
		{4D212EBF-C98C-4581-892F-3CF407F672F4}.Release|Any CPU.ActiveCfg = Release|Any CPU
		{4D212EBF-C98C-4581-892F-3CF407F672F4}.Release|Any CPU.Build.0 = Release|Any CPU
		{95E8CADF-501E-4955-9BA7-CB8C98D5B965}.Debug|Any CPU.ActiveCfg = Debug|Any CPU
		{95E8CADF-501E-4955-9BA7-CB8C98D5B965}.Debug|Any CPU.Build.0 = Debug|Any CPU
		{95E8CADF-501E-4955-9BA7-CB8C98D5B965}.Release|Any CPU.ActiveCfg = Release|Any CPU
		{95E8CADF-501E-4955-9BA7-CB8C98D5B965}.Release|Any CPU.Build.0 = Release|Any CPU
		{82F0310C-2E2F-41C7-9844-0C66F7B3487C}.Debug|Any CPU.ActiveCfg = Debug|Any CPU
		{82F0310C-2E2F-41C7-9844-0C66F7B3487C}.Debug|Any CPU.Build.0 = Debug|Any CPU
		{82F0310C-2E2F-41C7-9844-0C66F7B3487C}.Release|Any CPU.ActiveCfg = Release|Any CPU
		{82F0310C-2E2F-41C7-9844-0C66F7B3487C}.Release|Any CPU.Build.0 = Release|Any CPU
	EndGlobalSection
	GlobalSection(SolutionProperties) = preSolution
		HideSolutionNode = FALSE
	EndGlobalSection
	GlobalSection(ExtensibilityGlobals) = postSolution
		SolutionGuid = {28400AFB-67E5-4754-9D69-3FE047078430}
	EndGlobalSection
EndGlobal
